// !$*UTF8*$!
{
	archiveVersion = 1;
	classes = {
	};
	objectVersion = 51;
	objects = {

/* Begin PBXBuildFile section */
		3CC034071057991233D2BF29 /* Pods_PokedexTests.framework in Frameworks */ = {isa = PBXBuildFile; fileRef = 94CD39AC0F4369B2106640C1 /* Pods_PokedexTests.framework */; };
		D8033F8EEE6B925F6EAF98BC /* Pods_Pokedex.framework in Frameworks */ = {isa = PBXBuildFile; fileRef = C2ACF0C84C2C9FEF1CE7BAA8 /* Pods_Pokedex.framework */; };
		F00CB5F001AB8F30584EA987 /* Pods_Pokedex_PokedexUITests.framework in Frameworks */ = {isa = PBXBuildFile; fileRef = 653849B964508ADD4969BC44 /* Pods_Pokedex_PokedexUITests.framework */; };
		F35B3CCB2436685E00073A90 /* DetailPokemonView.swift in Sources */ = {isa = PBXBuildFile; fileRef = F35B3CCA2436685E00073A90 /* DetailPokemonView.swift */; };
		F35B3CCD24366F4700073A90 /* PokemonModel.swift in Sources */ = {isa = PBXBuildFile; fileRef = F35B3CCC24366F4700073A90 /* PokemonModel.swift */; };
		F35B3CCF2436724000073A90 /* DetailPokemonPresenter.swift in Sources */ = {isa = PBXBuildFile; fileRef = F35B3CCE2436724000073A90 /* DetailPokemonPresenter.swift */; };
		F35B3CD12436726100073A90 /* DetailPokemonProtocol.swift in Sources */ = {isa = PBXBuildFile; fileRef = F35B3CD02436726100073A90 /* DetailPokemonProtocol.swift */; };
		F35B3CD32436747E00073A90 /* DetailPokemonWireframe.swift in Sources */ = {isa = PBXBuildFile; fileRef = F35B3CD22436747E00073A90 /* DetailPokemonWireframe.swift */; };
		F35B3CD5243675CF00073A90 /* DetailPokemonInteractor.swift in Sources */ = {isa = PBXBuildFile; fileRef = F35B3CD4243675CF00073A90 /* DetailPokemonInteractor.swift */; };
		F35B3CD82436881200073A90 /* Sections.swift in Sources */ = {isa = PBXBuildFile; fileRef = F35B3CD72436881200073A90 /* Sections.swift */; };
		F35B3CDF2436890900073A90 /* CollectionViewCell.xib in Resources */ = {isa = PBXBuildFile; fileRef = F35B3CD92436890900073A90 /* CollectionViewCell.xib */; };
		F35B3CE02436890900073A90 /* CollectionViewHeader.xib in Resources */ = {isa = PBXBuildFile; fileRef = F35B3CDA2436890900073A90 /* CollectionViewHeader.xib */; };
		F35B3CE12436890900073A90 /* CollectionViewFooter.swift in Sources */ = {isa = PBXBuildFile; fileRef = F35B3CDB2436890900073A90 /* CollectionViewFooter.swift */; };
		F35B3CE22436890900073A90 /* CollectionViewFooter.xib in Resources */ = {isa = PBXBuildFile; fileRef = F35B3CDC2436890900073A90 /* CollectionViewFooter.xib */; };
		F35B3CE32436890900073A90 /* CollectionViewCell.swift in Sources */ = {isa = PBXBuildFile; fileRef = F35B3CDD2436890900073A90 /* CollectionViewCell.swift */; };
		F35B3CE42436890900073A90 /* CollectionViewHeader.swift in Sources */ = {isa = PBXBuildFile; fileRef = F35B3CDE2436890900073A90 /* CollectionViewHeader.swift */; };
		F35B3CE62436A6A700073A90 /* SectionsCarrocel.swift in Sources */ = {isa = PBXBuildFile; fileRef = F35B3CE52436A6A700073A90 /* SectionsCarrocel.swift */; };
		F35B3CE82436A72200073A90 /* SectionsTypes.swift in Sources */ = {isa = PBXBuildFile; fileRef = F35B3CE72436A72200073A90 /* SectionsTypes.swift */; };
		F35B3CEA2436A81100073A90 /* TypePokemonInteractor.swift in Sources */ = {isa = PBXBuildFile; fileRef = F35B3CE92436A81100073A90 /* TypePokemonInteractor.swift */; };
		F35B3CEC2436AB5100073A90 /* GenericInteractor.swift in Sources */ = {isa = PBXBuildFile; fileRef = F35B3CEB2436AB5100073A90 /* GenericInteractor.swift */; };
		F35B3CEE2436B03F00073A90 /* TypeColor.swift in Sources */ = {isa = PBXBuildFile; fileRef = F35B3CED2436B03F00073A90 /* TypeColor.swift */; };
		F364A62924376C120023F975 /* Kalo.swift in Sources */ = {isa = PBXBuildFile; fileRef = F364A62824376C120023F975 /* Kalo.swift */; };
		F364A62B2437B6520023F975 /* SectionsSlider.swift in Sources */ = {isa = PBXBuildFile; fileRef = F364A62A2437B6520023F975 /* SectionsSlider.swift */; };
		F364A62D2437B6880023F975 /* CollectionViewController.swift in Sources */ = {isa = PBXBuildFile; fileRef = F364A62C2437B6880023F975 /* CollectionViewController.swift */; };
		F364A6312437B87E0023F975 /* SliderCell.swift in Sources */ = {isa = PBXBuildFile; fileRef = F364A62F2437B87E0023F975 /* SliderCell.swift */; };
		F364A6322437B87E0023F975 /* SliderCell.xib in Resources */ = {isa = PBXBuildFile; fileRef = F364A6302437B87E0023F975 /* SliderCell.xib */; };
		F364A6342437BF2C0023F975 /* SectionsMapper.swift in Sources */ = {isa = PBXBuildFile; fileRef = F364A6332437BF2C0023F975 /* SectionsMapper.swift */; };
		F364A6362437BFD90023F975 /* PokemonEntity.swift in Sources */ = {isa = PBXBuildFile; fileRef = F364A6352437BFD90023F975 /* PokemonEntity.swift */; };
		F3DBD353242A71C200E83956 /* AppDelegate.swift in Sources */ = {isa = PBXBuildFile; fileRef = F3DBD352242A71C200E83956 /* AppDelegate.swift */; };
		F3DBD355242A71C200E83956 /* SceneDelegate.swift in Sources */ = {isa = PBXBuildFile; fileRef = F3DBD354242A71C200E83956 /* SceneDelegate.swift */; };
		F3DBD357242A71C200E83956 /* HomeListView.swift in Sources */ = {isa = PBXBuildFile; fileRef = F3DBD356242A71C200E83956 /* HomeListView.swift */; };
		F3DBD35A242A71C200E83956 /* Main.storyboard in Resources */ = {isa = PBXBuildFile; fileRef = F3DBD358242A71C200E83956 /* Main.storyboard */; };
		F3DBD35D242A71C300E83956 /* Pokedex.xcdatamodeld in Sources */ = {isa = PBXBuildFile; fileRef = F3DBD35B242A71C200E83956 /* Pokedex.xcdatamodeld */; };
		F3DBD35F242A71C800E83956 /* Assets.xcassets in Resources */ = {isa = PBXBuildFile; fileRef = F3DBD35E242A71C800E83956 /* Assets.xcassets */; };
		F3DBD362242A71C800E83956 /* LaunchScreen.storyboard in Resources */ = {isa = PBXBuildFile; fileRef = F3DBD360242A71C800E83956 /* LaunchScreen.storyboard */; };
		F3DBD36D242A71C800E83956 /* PokedexTests.swift in Sources */ = {isa = PBXBuildFile; fileRef = F3DBD36C242A71C800E83956 /* PokedexTests.swift */; };
		F3DBD378242A71C800E83956 /* PokedexUITests.swift in Sources */ = {isa = PBXBuildFile; fileRef = F3DBD377242A71C800E83956 /* PokedexUITests.swift */; };
		F3DBD389242A9BDD00E83956 /* PokedexManager.swift in Sources */ = {isa = PBXBuildFile; fileRef = F3DBD388242A9BDD00E83956 /* PokedexManager.swift */; };
		F3DBD38B242A9FC500E83956 /* Router.swift in Sources */ = {isa = PBXBuildFile; fileRef = F3DBD38A242A9FC500E83956 /* Router.swift */; };
		F3DBD38D242AAC2900E83956 /* HomeModel.swift in Sources */ = {isa = PBXBuildFile; fileRef = F3DBD38C242AAC2900E83956 /* HomeModel.swift */; };
		F3DBD38F242AAF8400E83956 /* HomeInteractor.swift in Sources */ = {isa = PBXBuildFile; fileRef = F3DBD38E242AAF8400E83956 /* HomeInteractor.swift */; };
		F3DBD391242AAF9400E83956 /* HomeProtocol.swift in Sources */ = {isa = PBXBuildFile; fileRef = F3DBD390242AAF9400E83956 /* HomeProtocol.swift */; };
		F3DBD393242ABF7700E83956 /* HomeEntity.swift in Sources */ = {isa = PBXBuildFile; fileRef = F3DBD392242ABF7700E83956 /* HomeEntity.swift */; };
		F3DBD395242ABFC500E83956 /* PokemonHomeEntity.swift in Sources */ = {isa = PBXBuildFile; fileRef = F3DBD394242ABFC500E83956 /* PokemonHomeEntity.swift */; };
		F3DBD397242AC12A00E83956 /* HomeEntityMapper.swift in Sources */ = {isa = PBXBuildFile; fileRef = F3DBD396242AC12A00E83956 /* HomeEntityMapper.swift */; };
		F3DBD399242AC85100E83956 /* HomePresenter.swift in Sources */ = {isa = PBXBuildFile; fileRef = F3DBD398242AC85100E83956 /* HomePresenter.swift */; };
		F3DBD39B242AC97000E83956 /* HomeWireframe.swift in Sources */ = {isa = PBXBuildFile; fileRef = F3DBD39A242AC97000E83956 /* HomeWireframe.swift */; };
		F3DBD39D242AD9A800E83956 /* HomePokemonItem.swift in Sources */ = {isa = PBXBuildFile; fileRef = F3DBD39C242AD9A700E83956 /* HomePokemonItem.swift */; };
		F3DBD39F2433837B00E83956 /* HomePokemonItemMapper.swift in Sources */ = {isa = PBXBuildFile; fileRef = F3DBD39E2433837A00E83956 /* HomePokemonItemMapper.swift */; };
		F3DBD3A224338C1C00E83956 /* HomePokemonCell.swift in Sources */ = {isa = PBXBuildFile; fileRef = F3DBD3A024338C1B00E83956 /* HomePokemonCell.swift */; };
		F3DBD3A324338C1C00E83956 /* HomePokemonCell.xib in Resources */ = {isa = PBXBuildFile; fileRef = F3DBD3A124338C1B00E83956 /* HomePokemonCell.xib */; };
		F3DBD3A624338D5E00E83956 /* ReusableIdentifier.swift in Sources */ = {isa = PBXBuildFile; fileRef = F3DBD3A524338D5E00E83956 /* ReusableIdentifier.swift */; };
		F3DBD3A92433AC6300E83956 /* LoadingCell.swift in Sources */ = {isa = PBXBuildFile; fileRef = F3DBD3A72433AC6200E83956 /* LoadingCell.swift */; };
		F3DBD3AA2433AC6300E83956 /* LoadingCell.xib in Resources */ = {isa = PBXBuildFile; fileRef = F3DBD3A82433AC6200E83956 /* LoadingCell.xib */; };
		F3DBD3AE2433D19600E83956 /* Helper.swift in Sources */ = {isa = PBXBuildFile; fileRef = F3DBD3AD2433D19500E83956 /* Helper.swift */; };
/* End PBXBuildFile section */

/* Begin PBXContainerItemProxy section */
		F3DBD369242A71C800E83956 /* PBXContainerItemProxy */ = {
			isa = PBXContainerItemProxy;
			containerPortal = F3DBD347242A71C200E83956 /* Project object */;
			proxyType = 1;
			remoteGlobalIDString = F3DBD34E242A71C200E83956;
			remoteInfo = Pokedex;
		};
		F3DBD374242A71C800E83956 /* PBXContainerItemProxy */ = {
			isa = PBXContainerItemProxy;
			containerPortal = F3DBD347242A71C200E83956 /* Project object */;
			proxyType = 1;
			remoteGlobalIDString = F3DBD34E242A71C200E83956;
			remoteInfo = Pokedex;
		};
/* End PBXContainerItemProxy section */

/* Begin PBXFileReference section */
		069BE97DA1AB39AE0163BBC5 /* Pods-Pokedex-PokedexUITests.debug.xcconfig */ = {isa = PBXFileReference; includeInIndex = 1; lastKnownFileType = text.xcconfig; name = "Pods-Pokedex-PokedexUITests.debug.xcconfig"; path = "Target Support Files/Pods-Pokedex-PokedexUITests/Pods-Pokedex-PokedexUITests.debug.xcconfig"; sourceTree = "<group>"; };
		20D3CC90D252AF7A8684D267 /* Pods-Pokedex.release.xcconfig */ = {isa = PBXFileReference; includeInIndex = 1; lastKnownFileType = text.xcconfig; name = "Pods-Pokedex.release.xcconfig"; path = "Target Support Files/Pods-Pokedex/Pods-Pokedex.release.xcconfig"; sourceTree = "<group>"; };
		34C171EF4F6FEEB485F13797 /* Pods-PokedexTests.release.xcconfig */ = {isa = PBXFileReference; includeInIndex = 1; lastKnownFileType = text.xcconfig; name = "Pods-PokedexTests.release.xcconfig"; path = "Target Support Files/Pods-PokedexTests/Pods-PokedexTests.release.xcconfig"; sourceTree = "<group>"; };
		39909B0967FBEF427F8D6003 /* Pods-PokedexTests.debug.xcconfig */ = {isa = PBXFileReference; includeInIndex = 1; lastKnownFileType = text.xcconfig; name = "Pods-PokedexTests.debug.xcconfig"; path = "Target Support Files/Pods-PokedexTests/Pods-PokedexTests.debug.xcconfig"; sourceTree = "<group>"; };
		653849B964508ADD4969BC44 /* Pods_Pokedex_PokedexUITests.framework */ = {isa = PBXFileReference; explicitFileType = wrapper.framework; includeInIndex = 0; path = Pods_Pokedex_PokedexUITests.framework; sourceTree = BUILT_PRODUCTS_DIR; };
		6E2DF2BBE501C93B9AC46619 /* Pods-Pokedex-PokedexUITests.release.xcconfig */ = {isa = PBXFileReference; includeInIndex = 1; lastKnownFileType = text.xcconfig; name = "Pods-Pokedex-PokedexUITests.release.xcconfig"; path = "Target Support Files/Pods-Pokedex-PokedexUITests/Pods-Pokedex-PokedexUITests.release.xcconfig"; sourceTree = "<group>"; };
		94CD39AC0F4369B2106640C1 /* Pods_PokedexTests.framework */ = {isa = PBXFileReference; explicitFileType = wrapper.framework; includeInIndex = 0; path = Pods_PokedexTests.framework; sourceTree = BUILT_PRODUCTS_DIR; };
		C2ACF0C84C2C9FEF1CE7BAA8 /* Pods_Pokedex.framework */ = {isa = PBXFileReference; explicitFileType = wrapper.framework; includeInIndex = 0; path = Pods_Pokedex.framework; sourceTree = BUILT_PRODUCTS_DIR; };
		E6A530CC6BFB4CF0AC73A724 /* Pods-Pokedex.debug.xcconfig */ = {isa = PBXFileReference; includeInIndex = 1; lastKnownFileType = text.xcconfig; name = "Pods-Pokedex.debug.xcconfig"; path = "Target Support Files/Pods-Pokedex/Pods-Pokedex.debug.xcconfig"; sourceTree = "<group>"; };
		F35B3CCA2436685E00073A90 /* DetailPokemonView.swift */ = {isa = PBXFileReference; lastKnownFileType = sourcecode.swift; path = DetailPokemonView.swift; sourceTree = "<group>"; };
		F35B3CCC24366F4700073A90 /* PokemonModel.swift */ = {isa = PBXFileReference; lastKnownFileType = sourcecode.swift; path = PokemonModel.swift; sourceTree = "<group>"; };
		F35B3CCE2436724000073A90 /* DetailPokemonPresenter.swift */ = {isa = PBXFileReference; lastKnownFileType = sourcecode.swift; path = DetailPokemonPresenter.swift; sourceTree = "<group>"; };
		F35B3CD02436726100073A90 /* DetailPokemonProtocol.swift */ = {isa = PBXFileReference; lastKnownFileType = sourcecode.swift; path = DetailPokemonProtocol.swift; sourceTree = "<group>"; };
		F35B3CD22436747E00073A90 /* DetailPokemonWireframe.swift */ = {isa = PBXFileReference; lastKnownFileType = sourcecode.swift; path = DetailPokemonWireframe.swift; sourceTree = "<group>"; };
		F35B3CD4243675CF00073A90 /* DetailPokemonInteractor.swift */ = {isa = PBXFileReference; lastKnownFileType = sourcecode.swift; path = DetailPokemonInteractor.swift; sourceTree = "<group>"; };
		F35B3CD72436881200073A90 /* Sections.swift */ = {isa = PBXFileReference; lastKnownFileType = sourcecode.swift; path = Sections.swift; sourceTree = "<group>"; };
		F35B3CD92436890900073A90 /* CollectionViewCell.xib */ = {isa = PBXFileReference; fileEncoding = 4; lastKnownFileType = file.xib; path = CollectionViewCell.xib; sourceTree = "<group>"; };
		F35B3CDA2436890900073A90 /* CollectionViewHeader.xib */ = {isa = PBXFileReference; fileEncoding = 4; lastKnownFileType = file.xib; path = CollectionViewHeader.xib; sourceTree = "<group>"; };
		F35B3CDB2436890900073A90 /* CollectionViewFooter.swift */ = {isa = PBXFileReference; fileEncoding = 4; lastKnownFileType = sourcecode.swift; path = CollectionViewFooter.swift; sourceTree = "<group>"; };
		F35B3CDC2436890900073A90 /* CollectionViewFooter.xib */ = {isa = PBXFileReference; fileEncoding = 4; lastKnownFileType = file.xib; path = CollectionViewFooter.xib; sourceTree = "<group>"; };
		F35B3CDD2436890900073A90 /* CollectionViewCell.swift */ = {isa = PBXFileReference; fileEncoding = 4; lastKnownFileType = sourcecode.swift; path = CollectionViewCell.swift; sourceTree = "<group>"; };
		F35B3CDE2436890900073A90 /* CollectionViewHeader.swift */ = {isa = PBXFileReference; fileEncoding = 4; lastKnownFileType = sourcecode.swift; path = CollectionViewHeader.swift; sourceTree = "<group>"; };
		F35B3CE52436A6A700073A90 /* SectionsCarrocel.swift */ = {isa = PBXFileReference; lastKnownFileType = sourcecode.swift; path = SectionsCarrocel.swift; sourceTree = "<group>"; };
		F35B3CE72436A72200073A90 /* SectionsTypes.swift */ = {isa = PBXFileReference; lastKnownFileType = sourcecode.swift; path = SectionsTypes.swift; sourceTree = "<group>"; };
		F35B3CE92436A81100073A90 /* TypePokemonInteractor.swift */ = {isa = PBXFileReference; lastKnownFileType = sourcecode.swift; path = TypePokemonInteractor.swift; sourceTree = "<group>"; };
		F35B3CEB2436AB5100073A90 /* GenericInteractor.swift */ = {isa = PBXFileReference; lastKnownFileType = sourcecode.swift; path = GenericInteractor.swift; sourceTree = "<group>"; };
		F35B3CED2436B03F00073A90 /* TypeColor.swift */ = {isa = PBXFileReference; lastKnownFileType = sourcecode.swift; path = TypeColor.swift; sourceTree = "<group>"; };
		F364A62824376C120023F975 /* Kalo.swift */ = {isa = PBXFileReference; lastKnownFileType = sourcecode.swift; path = Kalo.swift; sourceTree = "<group>"; };
		F364A62A2437B6520023F975 /* SectionsSlider.swift */ = {isa = PBXFileReference; lastKnownFileType = sourcecode.swift; path = SectionsSlider.swift; sourceTree = "<group>"; };
		F364A62C2437B6880023F975 /* CollectionViewController.swift */ = {isa = PBXFileReference; lastKnownFileType = sourcecode.swift; path = CollectionViewController.swift; sourceTree = "<group>"; };
		F364A62F2437B87E0023F975 /* SliderCell.swift */ = {isa = PBXFileReference; lastKnownFileType = sourcecode.swift; path = SliderCell.swift; sourceTree = "<group>"; };
		F364A6302437B87E0023F975 /* SliderCell.xib */ = {isa = PBXFileReference; lastKnownFileType = file.xib; path = SliderCell.xib; sourceTree = "<group>"; };
		F364A6332437BF2C0023F975 /* SectionsMapper.swift */ = {isa = PBXFileReference; lastKnownFileType = sourcecode.swift; path = SectionsMapper.swift; sourceTree = "<group>"; };
		F364A6352437BFD90023F975 /* PokemonEntity.swift */ = {isa = PBXFileReference; lastKnownFileType = sourcecode.swift; path = PokemonEntity.swift; sourceTree = "<group>"; };
		F3DBD34F242A71C200E83956 /* Pokedex.app */ = {isa = PBXFileReference; explicitFileType = wrapper.application; includeInIndex = 0; path = Pokedex.app; sourceTree = BUILT_PRODUCTS_DIR; };
		F3DBD352242A71C200E83956 /* AppDelegate.swift */ = {isa = PBXFileReference; lastKnownFileType = sourcecode.swift; path = AppDelegate.swift; sourceTree = "<group>"; };
		F3DBD354242A71C200E83956 /* SceneDelegate.swift */ = {isa = PBXFileReference; lastKnownFileType = sourcecode.swift; path = SceneDelegate.swift; sourceTree = "<group>"; };
		F3DBD356242A71C200E83956 /* HomeListView.swift */ = {isa = PBXFileReference; lastKnownFileType = sourcecode.swift; path = HomeListView.swift; sourceTree = "<group>"; };
		F3DBD359242A71C200E83956 /* Base */ = {isa = PBXFileReference; lastKnownFileType = file.storyboard; name = Base; path = Base.lproj/Main.storyboard; sourceTree = "<group>"; };
		F3DBD35C242A71C200E83956 /* Pokedex.xcdatamodel */ = {isa = PBXFileReference; lastKnownFileType = wrapper.xcdatamodel; path = Pokedex.xcdatamodel; sourceTree = "<group>"; };
		F3DBD35E242A71C800E83956 /* Assets.xcassets */ = {isa = PBXFileReference; lastKnownFileType = folder.assetcatalog; path = Assets.xcassets; sourceTree = "<group>"; };
		F3DBD361242A71C800E83956 /* Base */ = {isa = PBXFileReference; lastKnownFileType = file.storyboard; name = Base; path = Base.lproj/LaunchScreen.storyboard; sourceTree = "<group>"; };
		F3DBD363242A71C800E83956 /* Info.plist */ = {isa = PBXFileReference; lastKnownFileType = text.plist.xml; path = Info.plist; sourceTree = "<group>"; };
		F3DBD368242A71C800E83956 /* PokedexTests.xctest */ = {isa = PBXFileReference; explicitFileType = wrapper.cfbundle; includeInIndex = 0; path = PokedexTests.xctest; sourceTree = BUILT_PRODUCTS_DIR; };
		F3DBD36C242A71C800E83956 /* PokedexTests.swift */ = {isa = PBXFileReference; lastKnownFileType = sourcecode.swift; path = PokedexTests.swift; sourceTree = "<group>"; };
		F3DBD36E242A71C800E83956 /* Info.plist */ = {isa = PBXFileReference; lastKnownFileType = text.plist.xml; path = Info.plist; sourceTree = "<group>"; };
		F3DBD373242A71C800E83956 /* PokedexUITests.xctest */ = {isa = PBXFileReference; explicitFileType = wrapper.cfbundle; includeInIndex = 0; path = PokedexUITests.xctest; sourceTree = BUILT_PRODUCTS_DIR; };
		F3DBD377242A71C800E83956 /* PokedexUITests.swift */ = {isa = PBXFileReference; lastKnownFileType = sourcecode.swift; path = PokedexUITests.swift; sourceTree = "<group>"; };
		F3DBD379242A71C800E83956 /* Info.plist */ = {isa = PBXFileReference; lastKnownFileType = text.plist.xml; path = Info.plist; sourceTree = "<group>"; };
		F3DBD388242A9BDD00E83956 /* PokedexManager.swift */ = {isa = PBXFileReference; lastKnownFileType = sourcecode.swift; path = PokedexManager.swift; sourceTree = "<group>"; };
		F3DBD38A242A9FC500E83956 /* Router.swift */ = {isa = PBXFileReference; lastKnownFileType = sourcecode.swift; path = Router.swift; sourceTree = "<group>"; };
		F3DBD38C242AAC2900E83956 /* HomeModel.swift */ = {isa = PBXFileReference; lastKnownFileType = sourcecode.swift; path = HomeModel.swift; sourceTree = "<group>"; };
		F3DBD38E242AAF8400E83956 /* HomeInteractor.swift */ = {isa = PBXFileReference; lastKnownFileType = sourcecode.swift; path = HomeInteractor.swift; sourceTree = "<group>"; };
		F3DBD390242AAF9400E83956 /* HomeProtocol.swift */ = {isa = PBXFileReference; lastKnownFileType = sourcecode.swift; path = HomeProtocol.swift; sourceTree = "<group>"; };
		F3DBD392242ABF7700E83956 /* HomeEntity.swift */ = {isa = PBXFileReference; lastKnownFileType = sourcecode.swift; path = HomeEntity.swift; sourceTree = "<group>"; };
		F3DBD394242ABFC500E83956 /* PokemonHomeEntity.swift */ = {isa = PBXFileReference; lastKnownFileType = sourcecode.swift; path = PokemonHomeEntity.swift; sourceTree = "<group>"; };
		F3DBD396242AC12A00E83956 /* HomeEntityMapper.swift */ = {isa = PBXFileReference; lastKnownFileType = sourcecode.swift; path = HomeEntityMapper.swift; sourceTree = "<group>"; };
		F3DBD398242AC85100E83956 /* HomePresenter.swift */ = {isa = PBXFileReference; lastKnownFileType = sourcecode.swift; path = HomePresenter.swift; sourceTree = "<group>"; };
		F3DBD39A242AC97000E83956 /* HomeWireframe.swift */ = {isa = PBXFileReference; lastKnownFileType = sourcecode.swift; path = HomeWireframe.swift; sourceTree = "<group>"; };
		F3DBD39C242AD9A700E83956 /* HomePokemonItem.swift */ = {isa = PBXFileReference; lastKnownFileType = sourcecode.swift; path = HomePokemonItem.swift; sourceTree = "<group>"; };
		F3DBD39E2433837A00E83956 /* HomePokemonItemMapper.swift */ = {isa = PBXFileReference; lastKnownFileType = sourcecode.swift; path = HomePokemonItemMapper.swift; sourceTree = "<group>"; };
		F3DBD3A024338C1B00E83956 /* HomePokemonCell.swift */ = {isa = PBXFileReference; lastKnownFileType = sourcecode.swift; path = HomePokemonCell.swift; sourceTree = "<group>"; };
		F3DBD3A124338C1B00E83956 /* HomePokemonCell.xib */ = {isa = PBXFileReference; lastKnownFileType = file.xib; path = HomePokemonCell.xib; sourceTree = "<group>"; };
		F3DBD3A524338D5E00E83956 /* ReusableIdentifier.swift */ = {isa = PBXFileReference; lastKnownFileType = sourcecode.swift; path = ReusableIdentifier.swift; sourceTree = "<group>"; };
		F3DBD3A72433AC6200E83956 /* LoadingCell.swift */ = {isa = PBXFileReference; lastKnownFileType = sourcecode.swift; path = LoadingCell.swift; sourceTree = "<group>"; };
		F3DBD3A82433AC6200E83956 /* LoadingCell.xib */ = {isa = PBXFileReference; lastKnownFileType = file.xib; path = LoadingCell.xib; sourceTree = "<group>"; };
		F3DBD3AD2433D19500E83956 /* Helper.swift */ = {isa = PBXFileReference; lastKnownFileType = sourcecode.swift; path = Helper.swift; sourceTree = "<group>"; };
/* End PBXFileReference section */

/* Begin PBXFrameworksBuildPhase section */
		F3DBD34C242A71C200E83956 /* Frameworks */ = {
			isa = PBXFrameworksBuildPhase;
			buildActionMask = 2147483647;
			files = (
				D8033F8EEE6B925F6EAF98BC /* Pods_Pokedex.framework in Frameworks */,
			);
			runOnlyForDeploymentPostprocessing = 0;
		};
		F3DBD365242A71C800E83956 /* Frameworks */ = {
			isa = PBXFrameworksBuildPhase;
			buildActionMask = 2147483647;
			files = (
				3CC034071057991233D2BF29 /* Pods_PokedexTests.framework in Frameworks */,
			);
			runOnlyForDeploymentPostprocessing = 0;
		};
		F3DBD370242A71C800E83956 /* Frameworks */ = {
			isa = PBXFrameworksBuildPhase;
			buildActionMask = 2147483647;
			files = (
				F00CB5F001AB8F30584EA987 /* Pods_Pokedex_PokedexUITests.framework in Frameworks */,
			);
			runOnlyForDeploymentPostprocessing = 0;
		};
/* End PBXFrameworksBuildPhase section */

/* Begin PBXGroup section */
		40E4943FDB4C408D1CAB51CE /* Pods */ = {
			isa = PBXGroup;
			children = (
				E6A530CC6BFB4CF0AC73A724 /* Pods-Pokedex.debug.xcconfig */,
				20D3CC90D252AF7A8684D267 /* Pods-Pokedex.release.xcconfig */,
				069BE97DA1AB39AE0163BBC5 /* Pods-Pokedex-PokedexUITests.debug.xcconfig */,
				6E2DF2BBE501C93B9AC46619 /* Pods-Pokedex-PokedexUITests.release.xcconfig */,
				39909B0967FBEF427F8D6003 /* Pods-PokedexTests.debug.xcconfig */,
				34C171EF4F6FEEB485F13797 /* Pods-PokedexTests.release.xcconfig */,
			);
			path = Pods;
			sourceTree = "<group>";
		};
		C3CCD7BD27B33B2A7111A3CF /* Frameworks */ = {
			isa = PBXGroup;
			children = (
				C2ACF0C84C2C9FEF1CE7BAA8 /* Pods_Pokedex.framework */,
				653849B964508ADD4969BC44 /* Pods_Pokedex_PokedexUITests.framework */,
				94CD39AC0F4369B2106640C1 /* Pods_PokedexTests.framework */,
			);
			name = Frameworks;
			sourceTree = "<group>";
		};
		F35B3CC92436658E00073A90 /* DetailPokemon */ = {
			isa = PBXGroup;
			children = (
				F364A62E2437B85C0023F975 /* Cell */,
				F35B3CD6243687EE00073A90 /* Sections */,
				F35B3CCA2436685E00073A90 /* DetailPokemonView.swift */,
				F35B3CCE2436724000073A90 /* DetailPokemonPresenter.swift */,
				F35B3CD02436726100073A90 /* DetailPokemonProtocol.swift */,
				F35B3CD22436747E00073A90 /* DetailPokemonWireframe.swift */,
				F35B3CD4243675CF00073A90 /* DetailPokemonInteractor.swift */,
				F35B3CE92436A81100073A90 /* TypePokemonInteractor.swift */,
				F364A6352437BFD90023F975 /* PokemonEntity.swift */,
			);
			path = DetailPokemon;
			sourceTree = "<group>";
		};
		F35B3CD6243687EE00073A90 /* Sections */ = {
			isa = PBXGroup;
			children = (
				F35B3CD72436881200073A90 /* Sections.swift */,
				F35B3CE52436A6A700073A90 /* SectionsCarrocel.swift */,
				F35B3CE72436A72200073A90 /* SectionsTypes.swift */,
				F35B3CEB2436AB5100073A90 /* GenericInteractor.swift */,
				F364A62A2437B6520023F975 /* SectionsSlider.swift */,
				F364A6332437BF2C0023F975 /* SectionsMapper.swift */,
			);
			path = Sections;
			sourceTree = "<group>";
		};
		F364A62E2437B85C0023F975 /* Cell */ = {
			isa = PBXGroup;
			children = (
				F364A62F2437B87E0023F975 /* SliderCell.swift */,
				F364A6302437B87E0023F975 /* SliderCell.xib */,
			);
			path = Cell;
			sourceTree = "<group>";
		};
		F3DBD346242A71C200E83956 = {
			isa = PBXGroup;
			children = (
				F3DBD351242A71C200E83956 /* Pokedex */,
				F3DBD36B242A71C800E83956 /* PokedexTests */,
				F3DBD376242A71C800E83956 /* PokedexUITests */,
				F3DBD350242A71C200E83956 /* Products */,
				40E4943FDB4C408D1CAB51CE /* Pods */,
				C3CCD7BD27B33B2A7111A3CF /* Frameworks */,
			);
			sourceTree = "<group>";
		};
		F3DBD350242A71C200E83956 /* Products */ = {
			isa = PBXGroup;
			children = (
				F3DBD34F242A71C200E83956 /* Pokedex.app */,
				F3DBD368242A71C800E83956 /* PokedexTests.xctest */,
				F3DBD373242A71C800E83956 /* PokedexUITests.xctest */,
			);
			name = Products;
			sourceTree = "<group>";
		};
		F3DBD351242A71C200E83956 /* Pokedex */ = {
			isa = PBXGroup;
			children = (
				F3DBD3A424338D2800E83956 /* Common */,
				F3DBD387242A9BBC00E83956 /* Manager */,
				F3DBD386242A9BA300E83956 /* Module */,
				F3DBD352242A71C200E83956 /* AppDelegate.swift */,
				F3DBD354242A71C200E83956 /* SceneDelegate.swift */,
				F3DBD358242A71C200E83956 /* Main.storyboard */,
				F3DBD35E242A71C800E83956 /* Assets.xcassets */,
				F3DBD360242A71C800E83956 /* LaunchScreen.storyboard */,
				F3DBD363242A71C800E83956 /* Info.plist */,
				F3DBD35B242A71C200E83956 /* Pokedex.xcdatamodeld */,
			);
			path = Pokedex;
			sourceTree = "<group>";
		};
		F3DBD36B242A71C800E83956 /* PokedexTests */ = {
			isa = PBXGroup;
			children = (
				F3DBD36C242A71C800E83956 /* PokedexTests.swift */,
				F3DBD36E242A71C800E83956 /* Info.plist */,
			);
			path = PokedexTests;
			sourceTree = "<group>";
		};
		F3DBD376242A71C800E83956 /* PokedexUITests */ = {
			isa = PBXGroup;
			children = (
				F3DBD377242A71C800E83956 /* PokedexUITests.swift */,
				F3DBD379242A71C800E83956 /* Info.plist */,
			);
			path = PokedexUITests;
			sourceTree = "<group>";
		};
		F3DBD385242A742E00E83956 /* Home */ = {
			isa = PBXGroup;
			children = (
				F3DBD392242ABF7700E83956 /* HomeEntity.swift */,
				F3DBD396242AC12A00E83956 /* HomeEntityMapper.swift */,
				F3DBD38E242AAF8400E83956 /* HomeInteractor.swift */,
				F3DBD356242A71C200E83956 /* HomeListView.swift */,
				F3DBD398242AC85100E83956 /* HomePresenter.swift */,
				F3DBD390242AAF9400E83956 /* HomeProtocol.swift */,
				F3DBD39A242AC97000E83956 /* HomeWireframe.swift */,
				F3DBD394242ABFC500E83956 /* PokemonHomeEntity.swift */,
				F3DBD39C242AD9A700E83956 /* HomePokemonItem.swift */,
				F3DBD39E2433837A00E83956 /* HomePokemonItemMapper.swift */,
				F3DBD3A024338C1B00E83956 /* HomePokemonCell.swift */,
				F3DBD3A124338C1B00E83956 /* HomePokemonCell.xib */,
			);
			path = Home;
			sourceTree = "<group>";
		};
		F3DBD386242A9BA300E83956 /* Module */ = {
			isa = PBXGroup;
			children = (
				F35B3CC92436658E00073A90 /* DetailPokemon */,
				F3DBD385242A742E00E83956 /* Home */,
			);
			path = Module;
			sourceTree = "<group>";
		};
		F3DBD387242A9BBC00E83956 /* Manager */ = {
			isa = PBXGroup;
			children = (
				F3DBD388242A9BDD00E83956 /* PokedexManager.swift */,
				F3DBD38A242A9FC500E83956 /* Router.swift */,
				F3DBD38C242AAC2900E83956 /* HomeModel.swift */,
				F364A62824376C120023F975 /* Kalo.swift */,
				F364A62C2437B6880023F975 /* CollectionViewController.swift */,
			);
			path = Manager;
			sourceTree = "<group>";
		};
		F3DBD3A424338D2800E83956 /* Common */ = {
			isa = PBXGroup;
			children = (
				F35B3CDD2436890900073A90 /* CollectionViewCell.swift */,
				F35B3CD92436890900073A90 /* CollectionViewCell.xib */,
				F35B3CDB2436890900073A90 /* CollectionViewFooter.swift */,
				F35B3CDC2436890900073A90 /* CollectionViewFooter.xib */,
				F35B3CDE2436890900073A90 /* CollectionViewHeader.swift */,
				F35B3CDA2436890900073A90 /* CollectionViewHeader.xib */,
				F3DBD3A524338D5E00E83956 /* ReusableIdentifier.swift */,
				F3DBD3A72433AC6200E83956 /* LoadingCell.swift */,
				F3DBD3A82433AC6200E83956 /* LoadingCell.xib */,
				F3DBD3AD2433D19500E83956 /* Helper.swift */,
				F35B3CCC24366F4700073A90 /* PokemonModel.swift */,
				F35B3CED2436B03F00073A90 /* TypeColor.swift */,
			);
			path = Common;
			sourceTree = "<group>";
		};
/* End PBXGroup section */

/* Begin PBXNativeTarget section */
		F3DBD34E242A71C200E83956 /* Pokedex */ = {
			isa = PBXNativeTarget;
			buildConfigurationList = F3DBD37C242A71C900E83956 /* Build configuration list for PBXNativeTarget "Pokedex" */;
			buildPhases = (
				492C95F446963B8C77E5C086 /* [CP] Check Pods Manifest.lock */,
				F3DBD34B242A71C200E83956 /* Sources */,
				F3DBD34C242A71C200E83956 /* Frameworks */,
				F3DBD34D242A71C200E83956 /* Resources */,
				4CF63D05190B87C71932AD6E /* [CP] Embed Pods Frameworks */,
			);
			buildRules = (
			);
			dependencies = (
			);
			name = Pokedex;
			productName = Pokedex;
			productReference = F3DBD34F242A71C200E83956 /* Pokedex.app */;
			productType = "com.apple.product-type.application";
		};
		F3DBD367242A71C800E83956 /* PokedexTests */ = {
			isa = PBXNativeTarget;
			buildConfigurationList = F3DBD37F242A71C900E83956 /* Build configuration list for PBXNativeTarget "PokedexTests" */;
			buildPhases = (
				FE40EAEB48F0AE62BAEE3830 /* [CP] Check Pods Manifest.lock */,
				F3DBD364242A71C800E83956 /* Sources */,
				F3DBD365242A71C800E83956 /* Frameworks */,
				F3DBD366242A71C800E83956 /* Resources */,
			);
			buildRules = (
			);
			dependencies = (
				F3DBD36A242A71C800E83956 /* PBXTargetDependency */,
			);
			name = PokedexTests;
			productName = PokedexTests;
			productReference = F3DBD368242A71C800E83956 /* PokedexTests.xctest */;
			productType = "com.apple.product-type.bundle.unit-test";
		};
		F3DBD372242A71C800E83956 /* PokedexUITests */ = {
			isa = PBXNativeTarget;
			buildConfigurationList = F3DBD382242A71C900E83956 /* Build configuration list for PBXNativeTarget "PokedexUITests" */;
			buildPhases = (
				26A3294C35604A65D3842EA2 /* [CP] Check Pods Manifest.lock */,
				F3DBD36F242A71C800E83956 /* Sources */,
				F3DBD370242A71C800E83956 /* Frameworks */,
				F3DBD371242A71C800E83956 /* Resources */,
				BB59FEDC4641527B9D4BED32 /* [CP] Embed Pods Frameworks */,
			);
			buildRules = (
			);
			dependencies = (
				F3DBD375242A71C800E83956 /* PBXTargetDependency */,
			);
			name = PokedexUITests;
			productName = PokedexUITests;
			productReference = F3DBD373242A71C800E83956 /* PokedexUITests.xctest */;
			productType = "com.apple.product-type.bundle.ui-testing";
		};
/* End PBXNativeTarget section */

/* Begin PBXProject section */
		F3DBD347242A71C200E83956 /* Project object */ = {
			isa = PBXProject;
			attributes = {
				LastSwiftUpdateCheck = 1140;
				LastUpgradeCheck = 1140;
				ORGANIZATIONNAME = "Thiago Vaz";
				TargetAttributes = {
					F3DBD34E242A71C200E83956 = {
						CreatedOnToolsVersion = 11.4;
					};
					F3DBD367242A71C800E83956 = {
						CreatedOnToolsVersion = 11.4;
						TestTargetID = F3DBD34E242A71C200E83956;
					};
					F3DBD372242A71C800E83956 = {
						CreatedOnToolsVersion = 11.4;
						TestTargetID = F3DBD34E242A71C200E83956;
					};
				};
			};
			buildConfigurationList = F3DBD34A242A71C200E83956 /* Build configuration list for PBXProject "Pokedex" */;
			compatibilityVersion = "Xcode 9.3";
			developmentRegion = en;
			hasScannedForEncodings = 0;
			knownRegions = (
				en,
				Base,
			);
			mainGroup = F3DBD346242A71C200E83956;
			productRefGroup = F3DBD350242A71C200E83956 /* Products */;
			projectDirPath = "";
			projectRoot = "";
			targets = (
				F3DBD34E242A71C200E83956 /* Pokedex */,
				F3DBD367242A71C800E83956 /* PokedexTests */,
				F3DBD372242A71C800E83956 /* PokedexUITests */,
			);
		};
/* End PBXProject section */

/* Begin PBXResourcesBuildPhase section */
		F3DBD34D242A71C200E83956 /* Resources */ = {
			isa = PBXResourcesBuildPhase;
			buildActionMask = 2147483647;
			files = (
				F364A6322437B87E0023F975 /* SliderCell.xib in Resources */,
				F3DBD362242A71C800E83956 /* LaunchScreen.storyboard in Resources */,
				F3DBD35F242A71C800E83956 /* Assets.xcassets in Resources */,
				F35B3CDF2436890900073A90 /* CollectionViewCell.xib in Resources */,
				F3DBD3A324338C1C00E83956 /* HomePokemonCell.xib in Resources */,
				F3DBD3AA2433AC6300E83956 /* LoadingCell.xib in Resources */,
				F3DBD35A242A71C200E83956 /* Main.storyboard in Resources */,
				F35B3CE02436890900073A90 /* CollectionViewHeader.xib in Resources */,
				F35B3CE22436890900073A90 /* CollectionViewFooter.xib in Resources */,
			);
			runOnlyForDeploymentPostprocessing = 0;
		};
		F3DBD366242A71C800E83956 /* Resources */ = {
			isa = PBXResourcesBuildPhase;
			buildActionMask = 2147483647;
			files = (
			);
			runOnlyForDeploymentPostprocessing = 0;
		};
		F3DBD371242A71C800E83956 /* Resources */ = {
			isa = PBXResourcesBuildPhase;
			buildActionMask = 2147483647;
			files = (
			);
			runOnlyForDeploymentPostprocessing = 0;
		};
/* End PBXResourcesBuildPhase section */

/* Begin PBXShellScriptBuildPhase section */
		26A3294C35604A65D3842EA2 /* [CP] Check Pods Manifest.lock */ = {
			isa = PBXShellScriptBuildPhase;
			buildActionMask = 2147483647;
			files = (
			);
			inputFileListPaths = (
			);
			inputPaths = (
				"${PODS_PODFILE_DIR_PATH}/Podfile.lock",
				"${PODS_ROOT}/Manifest.lock",
			);
			name = "[CP] Check Pods Manifest.lock";
			outputFileListPaths = (
			);
			outputPaths = (
				"$(DERIVED_FILE_DIR)/Pods-Pokedex-PokedexUITests-checkManifestLockResult.txt",
			);
			runOnlyForDeploymentPostprocessing = 0;
			shellPath = /bin/sh;
			shellScript = "diff \"${PODS_PODFILE_DIR_PATH}/Podfile.lock\" \"${PODS_ROOT}/Manifest.lock\" > /dev/null\nif [ $? != 0 ] ; then\n    # print error to STDERR\n    echo \"error: The sandbox is not in sync with the Podfile.lock. Run 'pod install' or update your CocoaPods installation.\" >&2\n    exit 1\nfi\n# This output is used by Xcode 'outputs' to avoid re-running this script phase.\necho \"SUCCESS\" > \"${SCRIPT_OUTPUT_FILE_0}\"\n";
			showEnvVarsInLog = 0;
		};
		492C95F446963B8C77E5C086 /* [CP] Check Pods Manifest.lock */ = {
			isa = PBXShellScriptBuildPhase;
			buildActionMask = 2147483647;
			files = (
			);
			inputFileListPaths = (
			);
			inputPaths = (
				"${PODS_PODFILE_DIR_PATH}/Podfile.lock",
				"${PODS_ROOT}/Manifest.lock",
			);
			name = "[CP] Check Pods Manifest.lock";
			outputFileListPaths = (
			);
			outputPaths = (
				"$(DERIVED_FILE_DIR)/Pods-Pokedex-checkManifestLockResult.txt",
			);
			runOnlyForDeploymentPostprocessing = 0;
			shellPath = /bin/sh;
			shellScript = "diff \"${PODS_PODFILE_DIR_PATH}/Podfile.lock\" \"${PODS_ROOT}/Manifest.lock\" > /dev/null\nif [ $? != 0 ] ; then\n    # print error to STDERR\n    echo \"error: The sandbox is not in sync with the Podfile.lock. Run 'pod install' or update your CocoaPods installation.\" >&2\n    exit 1\nfi\n# This output is used by Xcode 'outputs' to avoid re-running this script phase.\necho \"SUCCESS\" > \"${SCRIPT_OUTPUT_FILE_0}\"\n";
			showEnvVarsInLog = 0;
		};
		4CF63D05190B87C71932AD6E /* [CP] Embed Pods Frameworks */ = {
			isa = PBXShellScriptBuildPhase;
			buildActionMask = 2147483647;
			files = (
			);
			inputFileListPaths = (
				"${PODS_ROOT}/Target Support Files/Pods-Pokedex/Pods-Pokedex-frameworks-${CONFIGURATION}-input-files.xcfilelist",
			);
			name = "[CP] Embed Pods Frameworks";
			outputFileListPaths = (
				"${PODS_ROOT}/Target Support Files/Pods-Pokedex/Pods-Pokedex-frameworks-${CONFIGURATION}-output-files.xcfilelist",
			);
			runOnlyForDeploymentPostprocessing = 0;
			shellPath = /bin/sh;
			shellScript = "\"${PODS_ROOT}/Target Support Files/Pods-Pokedex/Pods-Pokedex-frameworks.sh\"\n";
			showEnvVarsInLog = 0;
		};
		BB59FEDC4641527B9D4BED32 /* [CP] Embed Pods Frameworks */ = {
			isa = PBXShellScriptBuildPhase;
			buildActionMask = 2147483647;
			files = (
			);
			inputFileListPaths = (
				"${PODS_ROOT}/Target Support Files/Pods-Pokedex-PokedexUITests/Pods-Pokedex-PokedexUITests-frameworks-${CONFIGURATION}-input-files.xcfilelist",
			);
			name = "[CP] Embed Pods Frameworks";
			outputFileListPaths = (
				"${PODS_ROOT}/Target Support Files/Pods-Pokedex-PokedexUITests/Pods-Pokedex-PokedexUITests-frameworks-${CONFIGURATION}-output-files.xcfilelist",
			);
			runOnlyForDeploymentPostprocessing = 0;
			shellPath = /bin/sh;
			shellScript = "\"${PODS_ROOT}/Target Support Files/Pods-Pokedex-PokedexUITests/Pods-Pokedex-PokedexUITests-frameworks.sh\"\n";
			showEnvVarsInLog = 0;
		};
		FE40EAEB48F0AE62BAEE3830 /* [CP] Check Pods Manifest.lock */ = {
			isa = PBXShellScriptBuildPhase;
			buildActionMask = 2147483647;
			files = (
			);
			inputFileListPaths = (
			);
			inputPaths = (
				"${PODS_PODFILE_DIR_PATH}/Podfile.lock",
				"${PODS_ROOT}/Manifest.lock",
			);
			name = "[CP] Check Pods Manifest.lock";
			outputFileListPaths = (
			);
			outputPaths = (
				"$(DERIVED_FILE_DIR)/Pods-PokedexTests-checkManifestLockResult.txt",
			);
			runOnlyForDeploymentPostprocessing = 0;
			shellPath = /bin/sh;
			shellScript = "diff \"${PODS_PODFILE_DIR_PATH}/Podfile.lock\" \"${PODS_ROOT}/Manifest.lock\" > /dev/null\nif [ $? != 0 ] ; then\n    # print error to STDERR\n    echo \"error: The sandbox is not in sync with the Podfile.lock. Run 'pod install' or update your CocoaPods installation.\" >&2\n    exit 1\nfi\n# This output is used by Xcode 'outputs' to avoid re-running this script phase.\necho \"SUCCESS\" > \"${SCRIPT_OUTPUT_FILE_0}\"\n";
			showEnvVarsInLog = 0;
		};
/* End PBXShellScriptBuildPhase section */

/* Begin PBXSourcesBuildPhase section */
		F3DBD34B242A71C200E83956 /* Sources */ = {
			isa = PBXSourcesBuildPhase;
			buildActionMask = 2147483647;
			files = (
				F35B3CCB2436685E00073A90 /* DetailPokemonView.swift in Sources */,
				F35B3CE42436890900073A90 /* CollectionViewHeader.swift in Sources */,
				F3DBD389242A9BDD00E83956 /* PokedexManager.swift in Sources */,
				F35B3CEE2436B03F00073A90 /* TypeColor.swift in Sources */,
				F364A6342437BF2C0023F975 /* SectionsMapper.swift in Sources */,
				F3DBD3A624338D5E00E83956 /* ReusableIdentifier.swift in Sources */,
				F35B3CD5243675CF00073A90 /* DetailPokemonInteractor.swift in Sources */,
				F3DBD391242AAF9400E83956 /* HomeProtocol.swift in Sources */,
				F35B3CD12436726100073A90 /* DetailPokemonProtocol.swift in Sources */,
				F3DBD395242ABFC500E83956 /* PokemonHomeEntity.swift in Sources */,
				F35B3CEC2436AB5100073A90 /* GenericInteractor.swift in Sources */,
				F3DBD39D242AD9A800E83956 /* HomePokemonItem.swift in Sources */,
				F35B3CCF2436724000073A90 /* DetailPokemonPresenter.swift in Sources */,
				F364A62D2437B6880023F975 /* CollectionViewController.swift in Sources */,
				F3DBD35D242A71C300E83956 /* Pokedex.xcdatamodeld in Sources */,
				F35B3CE82436A72200073A90 /* SectionsTypes.swift in Sources */,
				F3DBD393242ABF7700E83956 /* HomeEntity.swift in Sources */,
				F3DBD3AE2433D19600E83956 /* Helper.swift in Sources */,
				F3DBD357242A71C200E83956 /* HomeListView.swift in Sources */,
				F35B3CEA2436A81100073A90 /* TypePokemonInteractor.swift in Sources */,
				F3DBD38F242AAF8400E83956 /* HomeInteractor.swift in Sources */,
				F3DBD38D242AAC2900E83956 /* HomeModel.swift in Sources */,
				F3DBD397242AC12A00E83956 /* HomeEntityMapper.swift in Sources */,
				F364A6312437B87E0023F975 /* SliderCell.swift in Sources */,
				F35B3CCD24366F4700073A90 /* PokemonModel.swift in Sources */,
				F3DBD39B242AC97000E83956 /* HomeWireframe.swift in Sources */,
				F35B3CE32436890900073A90 /* CollectionViewCell.swift in Sources */,
				F35B3CD32436747E00073A90 /* DetailPokemonWireframe.swift in Sources */,
				F3DBD399242AC85100E83956 /* HomePresenter.swift in Sources */,
				F3DBD39F2433837B00E83956 /* HomePokemonItemMapper.swift in Sources */,
				F364A62B2437B6520023F975 /* SectionsSlider.swift in Sources */,
				F3DBD353242A71C200E83956 /* AppDelegate.swift in Sources */,
				F364A62924376C120023F975 /* Kalo.swift in Sources */,
				F3DBD3A224338C1C00E83956 /* HomePokemonCell.swift in Sources */,
				F35B3CE12436890900073A90 /* CollectionViewFooter.swift in Sources */,
				F3DBD38B242A9FC500E83956 /* Router.swift in Sources */,
				F3DBD355242A71C200E83956 /* SceneDelegate.swift in Sources */,
				F35B3CD82436881200073A90 /* Sections.swift in Sources */,
				F3DBD3A92433AC6300E83956 /* LoadingCell.swift in Sources */,
				F364A6362437BFD90023F975 /* PokemonEntity.swift in Sources */,
				F35B3CE62436A6A700073A90 /* SectionsCarrocel.swift in Sources */,
			);
			runOnlyForDeploymentPostprocessing = 0;
		};
		F3DBD364242A71C800E83956 /* Sources */ = {
			isa = PBXSourcesBuildPhase;
			buildActionMask = 2147483647;
			files = (
				F3DBD36D242A71C800E83956 /* PokedexTests.swift in Sources */,
			);
			runOnlyForDeploymentPostprocessing = 0;
		};
		F3DBD36F242A71C800E83956 /* Sources */ = {
			isa = PBXSourcesBuildPhase;
			buildActionMask = 2147483647;
			files = (
				F3DBD378242A71C800E83956 /* PokedexUITests.swift in Sources */,
			);
			runOnlyForDeploymentPostprocessing = 0;
		};
/* End PBXSourcesBuildPhase section */

/* Begin PBXTargetDependency section */
		F3DBD36A242A71C800E83956 /* PBXTargetDependency */ = {
			isa = PBXTargetDependency;
			target = F3DBD34E242A71C200E83956 /* Pokedex */;
			targetProxy = F3DBD369242A71C800E83956 /* PBXContainerItemProxy */;
		};
		F3DBD375242A71C800E83956 /* PBXTargetDependency */ = {
			isa = PBXTargetDependency;
			target = F3DBD34E242A71C200E83956 /* Pokedex */;
			targetProxy = F3DBD374242A71C800E83956 /* PBXContainerItemProxy */;
		};
/* End PBXTargetDependency section */

/* Begin PBXVariantGroup section */
		F3DBD358242A71C200E83956 /* Main.storyboard */ = {
			isa = PBXVariantGroup;
			children = (
				F3DBD359242A71C200E83956 /* Base */,
			);
			name = Main.storyboard;
			sourceTree = "<group>";
		};
		F3DBD360242A71C800E83956 /* LaunchScreen.storyboard */ = {
			isa = PBXVariantGroup;
			children = (
				F3DBD361242A71C800E83956 /* Base */,
			);
			name = LaunchScreen.storyboard;
			sourceTree = "<group>";
		};
/* End PBXVariantGroup section */

/* Begin XCBuildConfiguration section */
		F3DBD37A242A71C800E83956 /* Debug */ = {
			isa = XCBuildConfiguration;
			buildSettings = {
				ALWAYS_SEARCH_USER_PATHS = NO;
				CLANG_ANALYZER_NONNULL = YES;
				CLANG_ANALYZER_NUMBER_OBJECT_CONVERSION = YES_AGGRESSIVE;
				CLANG_CXX_LANGUAGE_STANDARD = "gnu++14";
				CLANG_CXX_LIBRARY = "libc++";
				CLANG_ENABLE_MODULES = YES;
				CLANG_ENABLE_OBJC_ARC = YES;
				CLANG_ENABLE_OBJC_WEAK = YES;
				CLANG_WARN_BLOCK_CAPTURE_AUTORELEASING = YES;
				CLANG_WARN_BOOL_CONVERSION = YES;
				CLANG_WARN_COMMA = YES;
				CLANG_WARN_CONSTANT_CONVERSION = YES;
				CLANG_WARN_DEPRECATED_OBJC_IMPLEMENTATIONS = YES;
				CLANG_WARN_DIRECT_OBJC_ISA_USAGE = YES_ERROR;
				CLANG_WARN_DOCUMENTATION_COMMENTS = YES;
				CLANG_WARN_EMPTY_BODY = YES;
				CLANG_WARN_ENUM_CONVERSION = YES;
				CLANG_WARN_INFINITE_RECURSION = YES;
				CLANG_WARN_INT_CONVERSION = YES;
				CLANG_WARN_NON_LITERAL_NULL_CONVERSION = YES;
				CLANG_WARN_OBJC_IMPLICIT_RETAIN_SELF = YES;
				CLANG_WARN_OBJC_LITERAL_CONVERSION = YES;
				CLANG_WARN_OBJC_ROOT_CLASS = YES_ERROR;
				CLANG_WARN_RANGE_LOOP_ANALYSIS = YES;
				CLANG_WARN_STRICT_PROTOTYPES = YES;
				CLANG_WARN_SUSPICIOUS_MOVE = YES;
				CLANG_WARN_UNGUARDED_AVAILABILITY = YES_AGGRESSIVE;
				CLANG_WARN_UNREACHABLE_CODE = YES;
				CLANG_WARN__DUPLICATE_METHOD_MATCH = YES;
				COPY_PHASE_STRIP = NO;
				DEBUG_INFORMATION_FORMAT = dwarf;
				ENABLE_STRICT_OBJC_MSGSEND = YES;
				ENABLE_TESTABILITY = YES;
				GCC_C_LANGUAGE_STANDARD = gnu11;
				GCC_DYNAMIC_NO_PIC = NO;
				GCC_NO_COMMON_BLOCKS = YES;
				GCC_OPTIMIZATION_LEVEL = 0;
				GCC_PREPROCESSOR_DEFINITIONS = (
					"DEBUG=1",
					"$(inherited)",
				);
				GCC_WARN_64_TO_32_BIT_CONVERSION = YES;
				GCC_WARN_ABOUT_RETURN_TYPE = YES_ERROR;
				GCC_WARN_UNDECLARED_SELECTOR = YES;
				GCC_WARN_UNINITIALIZED_AUTOS = YES_AGGRESSIVE;
				GCC_WARN_UNUSED_FUNCTION = YES;
				GCC_WARN_UNUSED_VARIABLE = YES;
				IPHONEOS_DEPLOYMENT_TARGET = 13.4;
				MTL_ENABLE_DEBUG_INFO = INCLUDE_SOURCE;
				MTL_FAST_MATH = YES;
				ONLY_ACTIVE_ARCH = YES;
				SDKROOT = iphoneos;
				SWIFT_ACTIVE_COMPILATION_CONDITIONS = DEBUG;
				SWIFT_OPTIMIZATION_LEVEL = "-Onone";
			};
			name = Debug;
		};
		F3DBD37B242A71C800E83956 /* Release */ = {
			isa = XCBuildConfiguration;
			buildSettings = {
				ALWAYS_SEARCH_USER_PATHS = NO;
				CLANG_ANALYZER_NONNULL = YES;
				CLANG_ANALYZER_NUMBER_OBJECT_CONVERSION = YES_AGGRESSIVE;
				CLANG_CXX_LANGUAGE_STANDARD = "gnu++14";
				CLANG_CXX_LIBRARY = "libc++";
				CLANG_ENABLE_MODULES = YES;
				CLANG_ENABLE_OBJC_ARC = YES;
				CLANG_ENABLE_OBJC_WEAK = YES;
				CLANG_WARN_BLOCK_CAPTURE_AUTORELEASING = YES;
				CLANG_WARN_BOOL_CONVERSION = YES;
				CLANG_WARN_COMMA = YES;
				CLANG_WARN_CONSTANT_CONVERSION = YES;
				CLANG_WARN_DEPRECATED_OBJC_IMPLEMENTATIONS = YES;
				CLANG_WARN_DIRECT_OBJC_ISA_USAGE = YES_ERROR;
				CLANG_WARN_DOCUMENTATION_COMMENTS = YES;
				CLANG_WARN_EMPTY_BODY = YES;
				CLANG_WARN_ENUM_CONVERSION = YES;
				CLANG_WARN_INFINITE_RECURSION = YES;
				CLANG_WARN_INT_CONVERSION = YES;
				CLANG_WARN_NON_LITERAL_NULL_CONVERSION = YES;
				CLANG_WARN_OBJC_IMPLICIT_RETAIN_SELF = YES;
				CLANG_WARN_OBJC_LITERAL_CONVERSION = YES;
				CLANG_WARN_OBJC_ROOT_CLASS = YES_ERROR;
				CLANG_WARN_RANGE_LOOP_ANALYSIS = YES;
				CLANG_WARN_STRICT_PROTOTYPES = YES;
				CLANG_WARN_SUSPICIOUS_MOVE = YES;
				CLANG_WARN_UNGUARDED_AVAILABILITY = YES_AGGRESSIVE;
				CLANG_WARN_UNREACHABLE_CODE = YES;
				CLANG_WARN__DUPLICATE_METHOD_MATCH = YES;
				COPY_PHASE_STRIP = NO;
				DEBUG_INFORMATION_FORMAT = "dwarf-with-dsym";
				ENABLE_NS_ASSERTIONS = NO;
				ENABLE_STRICT_OBJC_MSGSEND = YES;
				GCC_C_LANGUAGE_STANDARD = gnu11;
				GCC_NO_COMMON_BLOCKS = YES;
				GCC_WARN_64_TO_32_BIT_CONVERSION = YES;
				GCC_WARN_ABOUT_RETURN_TYPE = YES_ERROR;
				GCC_WARN_UNDECLARED_SELECTOR = YES;
				GCC_WARN_UNINITIALIZED_AUTOS = YES_AGGRESSIVE;
				GCC_WARN_UNUSED_FUNCTION = YES;
				GCC_WARN_UNUSED_VARIABLE = YES;
				IPHONEOS_DEPLOYMENT_TARGET = 13.4;
				MTL_ENABLE_DEBUG_INFO = NO;
				MTL_FAST_MATH = YES;
				SDKROOT = iphoneos;
				SWIFT_COMPILATION_MODE = wholemodule;
				SWIFT_OPTIMIZATION_LEVEL = "-O";
				VALIDATE_PRODUCT = YES;
			};
			name = Release;
		};
		F3DBD37D242A71C900E83956 /* Debug */ = {
			isa = XCBuildConfiguration;
			baseConfigurationReference = E6A530CC6BFB4CF0AC73A724 /* Pods-Pokedex.debug.xcconfig */;
			buildSettings = {
				ASSETCATALOG_COMPILER_APPICON_NAME = AppIcon;
				CODE_SIGN_STYLE = Automatic;
				INFOPLIST_FILE = Pokedex/Info.plist;
				IPHONEOS_DEPLOYMENT_TARGET = 13.0;
				LD_RUNPATH_SEARCH_PATHS = (
					"$(inherited)",
					"@executable_path/Frameworks",
				);
				PRODUCT_BUNDLE_IDENTIFIER = br.com.thgdigital.Pokedex;
				PRODUCT_NAME = "$(TARGET_NAME)";
				SWIFT_VERSION = 5.0;
				TARGETED_DEVICE_FAMILY = "1,2";
			};
			name = Debug;
		};
		F3DBD37E242A71C900E83956 /* Release */ = {
			isa = XCBuildConfiguration;
			baseConfigurationReference = 20D3CC90D252AF7A8684D267 /* Pods-Pokedex.release.xcconfig */;
			buildSettings = {
				ASSETCATALOG_COMPILER_APPICON_NAME = AppIcon;
				CODE_SIGN_STYLE = Automatic;
				INFOPLIST_FILE = Pokedex/Info.plist;
				IPHONEOS_DEPLOYMENT_TARGET = 13.0;
				LD_RUNPATH_SEARCH_PATHS = (
					"$(inherited)",
					"@executable_path/Frameworks",
				);
				PRODUCT_BUNDLE_IDENTIFIER = br.com.thgdigital.Pokedex;
				PRODUCT_NAME = "$(TARGET_NAME)";
				SWIFT_VERSION = 5.0;
				TARGETED_DEVICE_FAMILY = "1,2";
			};
			name = Release;
		};
		F3DBD380242A71C900E83956 /* Debug */ = {
			isa = XCBuildConfiguration;
			baseConfigurationReference = 39909B0967FBEF427F8D6003 /* Pods-PokedexTests.debug.xcconfig */;
			buildSettings = {
				ALWAYS_EMBED_SWIFT_STANDARD_LIBRARIES = YES;
				BUNDLE_LOADER = "$(TEST_HOST)";
				CODE_SIGN_STYLE = Automatic;
				INFOPLIST_FILE = PokedexTests/Info.plist;
				IPHONEOS_DEPLOYMENT_TARGET = 13.4;
				LD_RUNPATH_SEARCH_PATHS = (
					"$(inherited)",
					"@executable_path/Frameworks",
					"@loader_path/Frameworks",
				);
				PRODUCT_BUNDLE_IDENTIFIER = br.com.thgdigital.PokedexTests;
				PRODUCT_NAME = "$(TARGET_NAME)";
				SWIFT_VERSION = 5.0;
				TARGETED_DEVICE_FAMILY = "1,2";
				TEST_HOST = "$(BUILT_PRODUCTS_DIR)/Pokedex.app/Pokedex";
			};
			name = Debug;
		};
		F3DBD381242A71C900E83956 /* Release */ = {
			isa = XCBuildConfiguration;
			baseConfigurationReference = 34C171EF4F6FEEB485F13797 /* Pods-PokedexTests.release.xcconfig */;
			buildSettings = {
				ALWAYS_EMBED_SWIFT_STANDARD_LIBRARIES = YES;
				BUNDLE_LOADER = "$(TEST_HOST)";
				CODE_SIGN_STYLE = Automatic;
				INFOPLIST_FILE = PokedexTests/Info.plist;
				IPHONEOS_DEPLOYMENT_TARGET = 13.4;
				LD_RUNPATH_SEARCH_PATHS = (
					"$(inherited)",
					"@executable_path/Frameworks",
					"@loader_path/Frameworks",
				);
				PRODUCT_BUNDLE_IDENTIFIER = br.com.thgdigital.PokedexTests;
				PRODUCT_NAME = "$(TARGET_NAME)";
				SWIFT_VERSION = 5.0;
				TARGETED_DEVICE_FAMILY = "1,2";
				TEST_HOST = "$(BUILT_PRODUCTS_DIR)/Pokedex.app/Pokedex";
			};
			name = Release;
		};
		F3DBD383242A71C900E83956 /* Debug */ = {
			isa = XCBuildConfiguration;
			baseConfigurationReference = 069BE97DA1AB39AE0163BBC5 /* Pods-Pokedex-PokedexUITests.debug.xcconfig */;
			buildSettings = {
				ALWAYS_EMBED_SWIFT_STANDARD_LIBRARIES = YES;
				CODE_SIGN_STYLE = Automatic;
				INFOPLIST_FILE = PokedexUITests/Info.plist;
				LD_RUNPATH_SEARCH_PATHS = (
					"$(inherited)",
					"@executable_path/Frameworks",
					"@loader_path/Frameworks",
				);
				PRODUCT_BUNDLE_IDENTIFIER = br.com.thgdigital.PokedexUITests;
				PRODUCT_NAME = "$(TARGET_NAME)";
				SWIFT_VERSION = 5.0;
				TARGETED_DEVICE_FAMILY = "1,2";
				TEST_TARGET_NAME = Pokedex;
			};
			name = Debug;
		};
		F3DBD384242A71C900E83956 /* Release */ = {
			isa = XCBuildConfiguration;
			baseConfigurationReference = 6E2DF2BBE501C93B9AC46619 /* Pods-Pokedex-PokedexUITests.release.xcconfig */;
			buildSettings = {
				ALWAYS_EMBED_SWIFT_STANDARD_LIBRARIES = YES;
				CODE_SIGN_STYLE = Automatic;
				INFOPLIST_FILE = PokedexUITests/Info.plist;
				LD_RUNPATH_SEARCH_PATHS = (
					"$(inherited)",
					"@executable_path/Frameworks",
					"@loader_path/Frameworks",
				);
				PRODUCT_BUNDLE_IDENTIFIER = br.com.thgdigital.PokedexUITests;
				PRODUCT_NAME = "$(TARGET_NAME)";
				SWIFT_VERSION = 5.0;
				TARGETED_DEVICE_FAMILY = "1,2";
				TEST_TARGET_NAME = Pokedex;
			};
			name = Release;
		};
/* End XCBuildConfiguration section */

/* Begin XCConfigurationList section */
		F3DBD34A242A71C200E83956 /* Build configuration list for PBXProject "Pokedex" */ = {
			isa = XCConfigurationList;
			buildConfigurations = (
				F3DBD37A242A71C800E83956 /* Debug */,
				F3DBD37B242A71C800E83956 /* Release */,
			);
			defaultConfigurationIsVisible = 0;
			defaultConfigurationName = Release;
		};
		F3DBD37C242A71C900E83956 /* Build configuration list for PBXNativeTarget "Pokedex" */ = {
			isa = XCConfigurationList;
			buildConfigurations = (
				F3DBD37D242A71C900E83956 /* Debug */,
				F3DBD37E242A71C900E83956 /* Release */,
			);
			defaultConfigurationIsVisible = 0;
			defaultConfigurationName = Release;
		};
		F3DBD37F242A71C900E83956 /* Build configuration list for PBXNativeTarget "PokedexTests" */ = {
			isa = XCConfigurationList;
			buildConfigurations = (
				F3DBD380242A71C900E83956 /* Debug */,
				F3DBD381242A71C900E83956 /* Release */,
			);
			defaultConfigurationIsVisible = 0;
			defaultConfigurationName = Release;
		};
		F3DBD382242A71C900E83956 /* Build configuration list for PBXNativeTarget "PokedexUITests" */ = {
			isa = XCConfigurationList;
			buildConfigurations = (
				F3DBD383242A71C900E83956 /* Debug */,
				F3DBD384242A71C900E83956 /* Release */,
			);
			defaultConfigurationIsVisible = 0;
			defaultConfigurationName = Release;
		};
/* End XCConfigurationList section */

/* Begin XCVersionGroup section */
		F3DBD35B242A71C200E83956 /* Pokedex.xcdatamodeld */ = {
			isa = XCVersionGroup;
			children = (
				F3DBD35C242A71C200E83956 /* Pokedex.xcdatamodel */,
			);
			currentVersion = F3DBD35C242A71C200E83956 /* Pokedex.xcdatamodel */;
			path = Pokedex.xcdatamodeld;
			sourceTree = "<group>";
			versionGroupType = wrapper.xcdatamodel;
		};
/* End XCVersionGroup section */
	};
	rootObject = F3DBD347242A71C200E83956 /* Project object */;
}
